// !$*UTF8*$!
{
	archiveVersion = 1;
	classes = {
	};
	objectVersion = 56;
	objects = {

/* Begin PBXBuildFile section */
		A80FB0F82A29158A00370227 /* AppDelegate.swift in Sources */ = {isa = PBXBuildFile; fileRef = A80FB0F72A29158A00370227 /* AppDelegate.swift */; };
		A80FB0FA2A2915B000370227 /* Action.swift in Sources */ = {isa = PBXBuildFile; fileRef = A80FB0F92A2915B000370227 /* Action.swift */; };
		A80FB0FD2A2BE93600370227 /* TestCoreDataManager.swift in Sources */ = {isa = PBXBuildFile; fileRef = A80FB0FC2A2BE93600370227 /* TestCoreDataManager.swift */; };
		A80FB0FF2A2D30E100370227 /* TestCoreDataManager+Methods.swift in Sources */ = {isa = PBXBuildFile; fileRef = A80FB0FE2A2D30E100370227 /* TestCoreDataManager+Methods.swift */; };
		A80FB1012A2D409500370227 /* TestCoreDataManager+FetchRequests.swift in Sources */ = {isa = PBXBuildFile; fileRef = A80FB1002A2D409500370227 /* TestCoreDataManager+FetchRequests.swift */; };
		A824EF0C2A139CB10047A3E5 /* EditImageView.swift in Sources */ = {isa = PBXBuildFile; fileRef = A824EF0B2A139CB10047A3E5 /* EditImageView.swift */; };
		A824EF0E2A13AD330047A3E5 /* PhotoPickerView.swift in Sources */ = {isa = PBXBuildFile; fileRef = A824EF0D2A13AD330047A3E5 /* PhotoPickerView.swift */; };
		A824EF102A141B040047A3E5 /* SummaryView.swift in Sources */ = {isa = PBXBuildFile; fileRef = A824EF0F2A141B040047A3E5 /* SummaryView.swift */; };
		A824EF1C2A145F8C0047A3E5 /* CardView.swift in Sources */ = {isa = PBXBuildFile; fileRef = A824EF1B2A145F8C0047A3E5 /* CardView.swift */; };
		A824EF212A16F39D0047A3E5 /* SubtaskRowView.swift in Sources */ = {isa = PBXBuildFile; fileRef = A824EF202A16F39D0047A3E5 /* SubtaskRowView.swift */; };
		A824EF232A1707120047A3E5 /* AddSubtaskView.swift in Sources */ = {isa = PBXBuildFile; fileRef = A824EF222A1707120047A3E5 /* AddSubtaskView.swift */; };
		A824EF252A17080B0047A3E5 /* EditSubtaskView.swift in Sources */ = {isa = PBXBuildFile; fileRef = A824EF242A17080B0047A3E5 /* EditSubtaskView.swift */; };
		A824EF272A186A020047A3E5 /* SaveTemplateView.swift in Sources */ = {isa = PBXBuildFile; fileRef = A824EF262A186A020047A3E5 /* SaveTemplateView.swift */; };
		A824EF292A19144A0047A3E5 /* SearchView.swift in Sources */ = {isa = PBXBuildFile; fileRef = A824EF282A19144A0047A3E5 /* SearchView.swift */; };
		A824EF2B2A1959890047A3E5 /* SelectTemplateView.swift in Sources */ = {isa = PBXBuildFile; fileRef = A824EF2A2A1959890047A3E5 /* SelectTemplateView.swift */; };
		A8331BA32A2FB12500508B9A /* DetailsView.swift in Sources */ = {isa = PBXBuildFile; fileRef = A8331BA22A2FB12500508B9A /* DetailsView.swift */; };
		A83F83792A1173F6006543E2 /* EditReminderView.swift in Sources */ = {isa = PBXBuildFile; fileRef = A83F83782A1173F6006543E2 /* EditReminderView.swift */; };
		A84FDEBC2A2E023A00BD9BAD /* RandomColor.swift in Sources */ = {isa = PBXBuildFile; fileRef = A84FDEBB2A2E023A00BD9BAD /* RandomColor.swift */; };
		A84FDEBE2A2E028500BD9BAD /* RandomDate.swift in Sources */ = {isa = PBXBuildFile; fileRef = A84FDEBD2A2E028500BD9BAD /* RandomDate.swift */; };
		A855E4F12A0A361000C90C24 /* RemindersApp.swift in Sources */ = {isa = PBXBuildFile; fileRef = A855E4F02A0A361000C90C24 /* RemindersApp.swift */; };
		A855E4F52A0A361200C90C24 /* Assets.xcassets in Resources */ = {isa = PBXBuildFile; fileRef = A855E4F42A0A361200C90C24 /* Assets.xcassets */; };
		A855E4F82A0A361200C90C24 /* Preview Assets.xcassets in Resources */ = {isa = PBXBuildFile; fileRef = A855E4F72A0A361200C90C24 /* Preview Assets.xcassets */; };
		A855E4FA2A0A361200C90C24 /* Persistence.swift in Sources */ = {isa = PBXBuildFile; fileRef = A855E4F92A0A361200C90C24 /* Persistence.swift */; };
		A855E4FD2A0A361200C90C24 /* Reminders.xcdatamodeld in Sources */ = {isa = PBXBuildFile; fileRef = A855E4FB2A0A361200C90C24 /* Reminders.xcdatamodeld */; };
		A855E5112A0A361200C90C24 /* RemindersUITests.swift in Sources */ = {isa = PBXBuildFile; fileRef = A855E5102A0A361200C90C24 /* RemindersUITests.swift */; };
		A855E5132A0A361200C90C24 /* RemindersUITestsLaunchTests.swift in Sources */ = {isa = PBXBuildFile; fileRef = A855E5122A0A361200C90C24 /* RemindersUITestsLaunchTests.swift */; };
		A855E5232A0A88B700C90C24 /* ReminderList+CoreDataClass.swift in Sources */ = {isa = PBXBuildFile; fileRef = A855E5222A0A88B700C90C24 /* ReminderList+CoreDataClass.swift */; };
		A855E5252A0A88D400C90C24 /* ReminderList+CoreDataProperties.swift in Sources */ = {isa = PBXBuildFile; fileRef = A855E5242A0A88D400C90C24 /* ReminderList+CoreDataProperties.swift */; };
		A855E5272A0A893900C90C24 /* Reminder+CoreDataClass.swift in Sources */ = {isa = PBXBuildFile; fileRef = A855E5262A0A893900C90C24 /* Reminder+CoreDataClass.swift */; };
		A855E5292A0A894C00C90C24 /* Reminder+CoreDataProperties.swift in Sources */ = {isa = PBXBuildFile; fileRef = A855E5282A0A894C00C90C24 /* Reminder+CoreDataProperties.swift */; };
		A855E52B2A0A8A0700C90C24 /* ReminderPriority.swift in Sources */ = {isa = PBXBuildFile; fileRef = A855E52A2A0A8A0700C90C24 /* ReminderPriority.swift */; };
		A855E52D2A0A8D1500C90C24 /* Subtask+CoreDataClass.swift in Sources */ = {isa = PBXBuildFile; fileRef = A855E52C2A0A8D1500C90C24 /* Subtask+CoreDataClass.swift */; };
		A855E52F2A0A8D2A00C90C24 /* Subtask+CoreDataProperties.swift in Sources */ = {isa = PBXBuildFile; fileRef = A855E52E2A0A8D2A00C90C24 /* Subtask+CoreDataProperties.swift */; };
		A855E5312A0A8E2500C90C24 /* Tag+CoreDataClass.swift in Sources */ = {isa = PBXBuildFile; fileRef = A855E5302A0A8E2500C90C24 /* Tag+CoreDataClass.swift */; };
		A855E5332A0A8E3400C90C24 /* Tag+CoreDataProperties.swift in Sources */ = {isa = PBXBuildFile; fileRef = A855E5322A0A8E3400C90C24 /* Tag+CoreDataProperties.swift */; };
		A8698B642A0B0F3000259E3C /* ReminderListView.swift in Sources */ = {isa = PBXBuildFile; fileRef = A8698B632A0B0F3000259E3C /* ReminderListView.swift */; };
		A8698B662A0B132D00259E3C /* RemindersView.swift in Sources */ = {isa = PBXBuildFile; fileRef = A8698B652A0B132D00259E3C /* RemindersView.swift */; };
		A8698B682A0C5ED000259E3C /* HomeScreenView.swift in Sources */ = {isa = PBXBuildFile; fileRef = A8698B672A0C5ED000259E3C /* HomeScreenView.swift */; };
		A8698B6A2A0C63AB00259E3C /* ButtonAddReminderView.swift in Sources */ = {isa = PBXBuildFile; fileRef = A8698B692A0C63AB00259E3C /* ButtonAddReminderView.swift */; };
		A8698B6C2A0C63BF00259E3C /* ButtonAddReminderListView.swift in Sources */ = {isa = PBXBuildFile; fileRef = A8698B6B2A0C63BF00259E3C /* ButtonAddReminderListView.swift */; };
		A8698B6E2A0C7D5B00259E3C /* CreateReminderListView.swift in Sources */ = {isa = PBXBuildFile; fileRef = A8698B6D2A0C7D5B00259E3C /* CreateReminderListView.swift */; };
		A887A4E52A1AB38F00C4BACB /* SharingView.swift in Sources */ = {isa = PBXBuildFile; fileRef = A887A4E42A1AB38F00C4BACB /* SharingView.swift */; };
		A887A4E72A1AF3F300C4BACB /* RenderedToPdfView.swift in Sources */ = {isa = PBXBuildFile; fileRef = A887A4E62A1AF3F300C4BACB /* RenderedToPdfView.swift */; };
		A88FCE482A10061B00881D79 /* SelectDueDateAndHourView.swift in Sources */ = {isa = PBXBuildFile; fileRef = A88FCE472A10061B00881D79 /* SelectDueDateAndHourView.swift */; };
		A88FCE4A2A1015F100881D79 /* SelectTagView.swift in Sources */ = {isa = PBXBuildFile; fileRef = A88FCE492A1015F100881D79 /* SelectTagView.swift */; };
		A88FCE4C2A10287B00881D79 /* FlagView.swift in Sources */ = {isa = PBXBuildFile; fileRef = A88FCE4B2A10287B00881D79 /* FlagView.swift */; };
		A88FCE4E2A102CF600881D79 /* SelectPriorityView.swift in Sources */ = {isa = PBXBuildFile; fileRef = A88FCE4D2A102CF600881D79 /* SelectPriorityView.swift */; };
		A88FCE502A1065EF00881D79 /* SelectListView.swift in Sources */ = {isa = PBXBuildFile; fileRef = A88FCE4F2A1065EF00881D79 /* SelectListView.swift */; };
		A88FCE522A10970B00881D79 /* AddImageView.swift in Sources */ = {isa = PBXBuildFile; fileRef = A88FCE512A10970B00881D79 /* AddImageView.swift */; };
		A89A013C2A0C980B00D284D1 /* ListColorView.swift in Sources */ = {isa = PBXBuildFile; fileRef = A89A013B2A0C980B00D284D1 /* ListColorView.swift */; };
		A89A013E2A0D119900D284D1 /* ListTextFieldView.swift in Sources */ = {isa = PBXBuildFile; fileRef = A89A013D2A0D119900D284D1 /* ListTextFieldView.swift */; };
		A89A01422A0D3B5800D284D1 /* ButtonSaveTemplateView.swift in Sources */ = {isa = PBXBuildFile; fileRef = A89A01412A0D3B5800D284D1 /* ButtonSaveTemplateView.swift */; };
		A89A01442A0D3E0C00D284D1 /* ReminderRowView.swift in Sources */ = {isa = PBXBuildFile; fileRef = A89A01432A0D3E0C00D284D1 /* ReminderRowView.swift */; };
		A89E8D0C2A0EDCB8006CDCEF /* ReminderListRowView.swift in Sources */ = {isa = PBXBuildFile; fileRef = A89E8D0B2A0EDCB8006CDCEF /* ReminderListRowView.swift */; };
		A89E8D0E2A0EE228006CDCEF /* CreateListTitleView.swift in Sources */ = {isa = PBXBuildFile; fileRef = A89E8D0D2A0EE228006CDCEF /* CreateListTitleView.swift */; };
		A89E8D102A0EE244006CDCEF /* SelectListColorView.swift in Sources */ = {isa = PBXBuildFile; fileRef = A89E8D0F2A0EE244006CDCEF /* SelectListColorView.swift */; };
		A89E8D122A0EE46D006CDCEF /* ReminderSortMenuView.swift in Sources */ = {isa = PBXBuildFile; fileRef = A89E8D112A0EE46D006CDCEF /* ReminderSortMenuView.swift */; };
		A8A8B8502A27D6C80032A9C3 /* CoreDataManager+FetchRequests.swift in Sources */ = {isa = PBXBuildFile; fileRef = A8A8B84C2A27D6C80032A9C3 /* CoreDataManager+FetchRequests.swift */; };
		A8A8B8512A27D6C80032A9C3 /* CoreDataManager.swift in Sources */ = {isa = PBXBuildFile; fileRef = A8A8B84D2A27D6C80032A9C3 /* CoreDataManager.swift */; };
		A8A8B8522A27D6C80032A9C3 /* CoreDataManager+Preview.swift in Sources */ = {isa = PBXBuildFile; fileRef = A8A8B84E2A27D6C80032A9C3 /* CoreDataManager+Preview.swift */; };
		A8A8B8532A27D6C80032A9C3 /* CoreDataManager+Methods.swift in Sources */ = {isa = PBXBuildFile; fileRef = A8A8B84F2A27D6C80032A9C3 /* CoreDataManager+Methods.swift */; };
		A8A8B85F2A27D76F0032A9C3 /* SaveTemplateViewModel.swift in Sources */ = {isa = PBXBuildFile; fileRef = A8A8B8552A27D76E0032A9C3 /* SaveTemplateViewModel.swift */; };
		A8A8B8602A27D76F0032A9C3 /* EditReminderViewModel.swift in Sources */ = {isa = PBXBuildFile; fileRef = A8A8B8562A27D76E0032A9C3 /* EditReminderViewModel.swift */; };
		A8A8B8612A27D76F0032A9C3 /* CreateReminderViewModel.swift in Sources */ = {isa = PBXBuildFile; fileRef = A8A8B8572A27D76E0032A9C3 /* CreateReminderViewModel.swift */; };
		A8A8B8622A27D76F0032A9C3 /* EditReminderListViewModel.swift in Sources */ = {isa = PBXBuildFile; fileRef = A8A8B8582A27D76E0032A9C3 /* EditReminderListViewModel.swift */; };
		A8A8B8632A27D76F0032A9C3 /* SelectTemplateViewModel.swift in Sources */ = {isa = PBXBuildFile; fileRef = A8A8B8592A27D76E0032A9C3 /* SelectTemplateViewModel.swift */; };
		A8A8B8642A27D76F0032A9C3 /* CreateReminderListViewModel.swift in Sources */ = {isa = PBXBuildFile; fileRef = A8A8B85A2A27D76E0032A9C3 /* CreateReminderListViewModel.swift */; };
		A8A8B8652A27D76F0032A9C3 /* SummaryViewModel.swift in Sources */ = {isa = PBXBuildFile; fileRef = A8A8B85B2A27D76E0032A9C3 /* SummaryViewModel.swift */; };
		A8A8B8662A27D76F0032A9C3 /* DisplayReminderListViewModel.swift in Sources */ = {isa = PBXBuildFile; fileRef = A8A8B85C2A27D76E0032A9C3 /* DisplayReminderListViewModel.swift */; };
		A8A8B8672A27D76F0032A9C3 /* ReminderRowViewModel.swift in Sources */ = {isa = PBXBuildFile; fileRef = A8A8B85D2A27D76F0032A9C3 /* ReminderRowViewModel.swift */; };
		A8A8B8682A27D76F0032A9C3 /* DisplayReminderViewModel.swift in Sources */ = {isa = PBXBuildFile; fileRef = A8A8B85E2A27D76F0032A9C3 /* DisplayReminderViewModel.swift */; };
		A8BBE9E02A0D9E9C00069FB1 /* CreateReminderView.swift in Sources */ = {isa = PBXBuildFile; fileRef = A8BBE9DF2A0D9E9C00069FB1 /* CreateReminderView.swift */; };
		A8BBE9E22A0E6F4A00069FB1 /* CreateReminderDetailsView.swift in Sources */ = {isa = PBXBuildFile; fileRef = A8BBE9E12A0E6F4A00069FB1 /* CreateReminderDetailsView.swift */; };
		A8D8AE3B2A12EB5200A58970 /* EditReminderListView.swift in Sources */ = {isa = PBXBuildFile; fileRef = A8D8AE3A2A12EB5200A58970 /* EditReminderListView.swift */; };
		A8D8AE3E2A132B9F00A58970 /* Picture+CoreDataClass.swift in Sources */ = {isa = PBXBuildFile; fileRef = A8D8AE3C2A132B9F00A58970 /* Picture+CoreDataClass.swift */; };
		A8D8AE3F2A132B9F00A58970 /* Picture+CoreDataProperties.swift in Sources */ = {isa = PBXBuildFile; fileRef = A8D8AE3D2A132B9F00A58970 /* Picture+CoreDataProperties.swift */; };
/* End PBXBuildFile section */

/* Begin PBXContainerItemProxy section */
		A855E5032A0A361200C90C24 /* PBXContainerItemProxy */ = {
			isa = PBXContainerItemProxy;
			containerPortal = A855E4E52A0A361000C90C24 /* Project object */;
			proxyType = 1;
			remoteGlobalIDString = A855E4EC2A0A361000C90C24;
			remoteInfo = Reminders;
		};
		A855E50D2A0A361200C90C24 /* PBXContainerItemProxy */ = {
			isa = PBXContainerItemProxy;
			containerPortal = A855E4E52A0A361000C90C24 /* Project object */;
			proxyType = 1;
			remoteGlobalIDString = A855E4EC2A0A361000C90C24;
			remoteInfo = Reminders;
		};
/* End PBXContainerItemProxy section */

/* Begin PBXFileReference section */
		A80FB0F72A29158A00370227 /* AppDelegate.swift */ = {isa = PBXFileReference; lastKnownFileType = sourcecode.swift; path = AppDelegate.swift; sourceTree = "<group>"; };
		A80FB0F92A2915B000370227 /* Action.swift */ = {isa = PBXFileReference; lastKnownFileType = sourcecode.swift; path = Action.swift; sourceTree = "<group>"; };
		A80FB0FB2A2920F500370227 /* Info.plist */ = {isa = PBXFileReference; lastKnownFileType = text.plist; path = Info.plist; sourceTree = "<group>"; };
		A80FB0FC2A2BE93600370227 /* TestCoreDataManager.swift */ = {isa = PBXFileReference; lastKnownFileType = sourcecode.swift; path = TestCoreDataManager.swift; sourceTree = "<group>"; };
		A80FB0FE2A2D30E100370227 /* TestCoreDataManager+Methods.swift */ = {isa = PBXFileReference; lastKnownFileType = sourcecode.swift; path = "TestCoreDataManager+Methods.swift"; sourceTree = "<group>"; };
		A80FB1002A2D409500370227 /* TestCoreDataManager+FetchRequests.swift */ = {isa = PBXFileReference; lastKnownFileType = sourcecode.swift; path = "TestCoreDataManager+FetchRequests.swift"; sourceTree = "<group>"; };
		A824EF0B2A139CB10047A3E5 /* EditImageView.swift */ = {isa = PBXFileReference; lastKnownFileType = sourcecode.swift; path = EditImageView.swift; sourceTree = "<group>"; };
		A824EF0D2A13AD330047A3E5 /* PhotoPickerView.swift */ = {isa = PBXFileReference; lastKnownFileType = sourcecode.swift; path = PhotoPickerView.swift; sourceTree = "<group>"; };
		A824EF0F2A141B040047A3E5 /* SummaryView.swift */ = {isa = PBXFileReference; lastKnownFileType = sourcecode.swift; path = SummaryView.swift; sourceTree = "<group>"; };
		A824EF1B2A145F8C0047A3E5 /* CardView.swift */ = {isa = PBXFileReference; lastKnownFileType = sourcecode.swift; path = CardView.swift; sourceTree = "<group>"; };
		A824EF202A16F39D0047A3E5 /* SubtaskRowView.swift */ = {isa = PBXFileReference; lastKnownFileType = sourcecode.swift; path = SubtaskRowView.swift; sourceTree = "<group>"; };
		A824EF222A1707120047A3E5 /* AddSubtaskView.swift */ = {isa = PBXFileReference; lastKnownFileType = sourcecode.swift; path = AddSubtaskView.swift; sourceTree = "<group>"; };
		A824EF242A17080B0047A3E5 /* EditSubtaskView.swift */ = {isa = PBXFileReference; lastKnownFileType = sourcecode.swift; path = EditSubtaskView.swift; sourceTree = "<group>"; };
		A824EF262A186A020047A3E5 /* SaveTemplateView.swift */ = {isa = PBXFileReference; lastKnownFileType = sourcecode.swift; path = SaveTemplateView.swift; sourceTree = "<group>"; };
		A824EF282A19144A0047A3E5 /* SearchView.swift */ = {isa = PBXFileReference; lastKnownFileType = sourcecode.swift; path = SearchView.swift; sourceTree = "<group>"; };
		A824EF2A2A1959890047A3E5 /* SelectTemplateView.swift */ = {isa = PBXFileReference; lastKnownFileType = sourcecode.swift; path = SelectTemplateView.swift; sourceTree = "<group>"; };
		A8331BA22A2FB12500508B9A /* DetailsView.swift */ = {isa = PBXFileReference; lastKnownFileType = sourcecode.swift; path = DetailsView.swift; sourceTree = "<group>"; };
		A83F83782A1173F6006543E2 /* EditReminderView.swift */ = {isa = PBXFileReference; lastKnownFileType = sourcecode.swift; path = EditReminderView.swift; sourceTree = "<group>"; };
		A84FDEBB2A2E023A00BD9BAD /* RandomColor.swift */ = {isa = PBXFileReference; lastKnownFileType = sourcecode.swift; path = RandomColor.swift; sourceTree = "<group>"; };
		A84FDEBD2A2E028500BD9BAD /* RandomDate.swift */ = {isa = PBXFileReference; lastKnownFileType = sourcecode.swift; path = RandomDate.swift; sourceTree = "<group>"; };
		A855E4ED2A0A361000C90C24 /* Reminders.app */ = {isa = PBXFileReference; explicitFileType = wrapper.application; includeInIndex = 0; path = Reminders.app; sourceTree = BUILT_PRODUCTS_DIR; };
		A855E4F02A0A361000C90C24 /* RemindersApp.swift */ = {isa = PBXFileReference; lastKnownFileType = sourcecode.swift; path = RemindersApp.swift; sourceTree = "<group>"; };
		A855E4F42A0A361200C90C24 /* Assets.xcassets */ = {isa = PBXFileReference; lastKnownFileType = folder.assetcatalog; path = Assets.xcassets; sourceTree = "<group>"; };
		A855E4F72A0A361200C90C24 /* Preview Assets.xcassets */ = {isa = PBXFileReference; lastKnownFileType = folder.assetcatalog; path = "Preview Assets.xcassets"; sourceTree = "<group>"; };
		A855E4F92A0A361200C90C24 /* Persistence.swift */ = {isa = PBXFileReference; lastKnownFileType = sourcecode.swift; path = Persistence.swift; sourceTree = "<group>"; };
		A855E4FC2A0A361200C90C24 /* Reminders.xcdatamodel */ = {isa = PBXFileReference; lastKnownFileType = wrapper.xcdatamodel; path = Reminders.xcdatamodel; sourceTree = "<group>"; };
		A855E5022A0A361200C90C24 /* RemindersTests.xctest */ = {isa = PBXFileReference; explicitFileType = wrapper.cfbundle; includeInIndex = 0; path = RemindersTests.xctest; sourceTree = BUILT_PRODUCTS_DIR; };
		A855E50C2A0A361200C90C24 /* RemindersUITests.xctest */ = {isa = PBXFileReference; explicitFileType = wrapper.cfbundle; includeInIndex = 0; path = RemindersUITests.xctest; sourceTree = BUILT_PRODUCTS_DIR; };
		A855E5102A0A361200C90C24 /* RemindersUITests.swift */ = {isa = PBXFileReference; lastKnownFileType = sourcecode.swift; path = RemindersUITests.swift; sourceTree = "<group>"; };
		A855E5122A0A361200C90C24 /* RemindersUITestsLaunchTests.swift */ = {isa = PBXFileReference; lastKnownFileType = sourcecode.swift; path = RemindersUITestsLaunchTests.swift; sourceTree = "<group>"; };
		A855E5222A0A88B700C90C24 /* ReminderList+CoreDataClass.swift */ = {isa = PBXFileReference; lastKnownFileType = sourcecode.swift; path = "ReminderList+CoreDataClass.swift"; sourceTree = "<group>"; };
		A855E5242A0A88D400C90C24 /* ReminderList+CoreDataProperties.swift */ = {isa = PBXFileReference; lastKnownFileType = sourcecode.swift; path = "ReminderList+CoreDataProperties.swift"; sourceTree = "<group>"; };
		A855E5262A0A893900C90C24 /* Reminder+CoreDataClass.swift */ = {isa = PBXFileReference; lastKnownFileType = sourcecode.swift; path = "Reminder+CoreDataClass.swift"; sourceTree = "<group>"; };
		A855E5282A0A894C00C90C24 /* Reminder+CoreDataProperties.swift */ = {isa = PBXFileReference; lastKnownFileType = sourcecode.swift; path = "Reminder+CoreDataProperties.swift"; sourceTree = "<group>"; };
		A855E52A2A0A8A0700C90C24 /* ReminderPriority.swift */ = {isa = PBXFileReference; lastKnownFileType = sourcecode.swift; path = ReminderPriority.swift; sourceTree = "<group>"; };
		A855E52C2A0A8D1500C90C24 /* Subtask+CoreDataClass.swift */ = {isa = PBXFileReference; lastKnownFileType = sourcecode.swift; path = "Subtask+CoreDataClass.swift"; sourceTree = "<group>"; };
		A855E52E2A0A8D2A00C90C24 /* Subtask+CoreDataProperties.swift */ = {isa = PBXFileReference; lastKnownFileType = sourcecode.swift; path = "Subtask+CoreDataProperties.swift"; sourceTree = "<group>"; };
		A855E5302A0A8E2500C90C24 /* Tag+CoreDataClass.swift */ = {isa = PBXFileReference; lastKnownFileType = sourcecode.swift; path = "Tag+CoreDataClass.swift"; sourceTree = "<group>"; };
		A855E5322A0A8E3400C90C24 /* Tag+CoreDataProperties.swift */ = {isa = PBXFileReference; lastKnownFileType = sourcecode.swift; path = "Tag+CoreDataProperties.swift"; sourceTree = "<group>"; };
		A8698B632A0B0F3000259E3C /* ReminderListView.swift */ = {isa = PBXFileReference; lastKnownFileType = sourcecode.swift; path = ReminderListView.swift; sourceTree = "<group>"; };
		A8698B652A0B132D00259E3C /* RemindersView.swift */ = {isa = PBXFileReference; lastKnownFileType = sourcecode.swift; path = RemindersView.swift; sourceTree = "<group>"; };
		A8698B672A0C5ED000259E3C /* HomeScreenView.swift */ = {isa = PBXFileReference; lastKnownFileType = sourcecode.swift; path = HomeScreenView.swift; sourceTree = "<group>"; };
		A8698B692A0C63AB00259E3C /* ButtonAddReminderView.swift */ = {isa = PBXFileReference; lastKnownFileType = sourcecode.swift; path = ButtonAddReminderView.swift; sourceTree = "<group>"; };
		A8698B6B2A0C63BF00259E3C /* ButtonAddReminderListView.swift */ = {isa = PBXFileReference; lastKnownFileType = sourcecode.swift; path = ButtonAddReminderListView.swift; sourceTree = "<group>"; };
		A8698B6D2A0C7D5B00259E3C /* CreateReminderListView.swift */ = {isa = PBXFileReference; lastKnownFileType = sourcecode.swift; path = CreateReminderListView.swift; sourceTree = "<group>"; };
		A887A4E42A1AB38F00C4BACB /* SharingView.swift */ = {isa = PBXFileReference; lastKnownFileType = sourcecode.swift; path = SharingView.swift; sourceTree = "<group>"; };
		A887A4E62A1AF3F300C4BACB /* RenderedToPdfView.swift */ = {isa = PBXFileReference; lastKnownFileType = sourcecode.swift; path = RenderedToPdfView.swift; sourceTree = "<group>"; };
		A88FCE472A10061B00881D79 /* SelectDueDateAndHourView.swift */ = {isa = PBXFileReference; lastKnownFileType = sourcecode.swift; path = SelectDueDateAndHourView.swift; sourceTree = "<group>"; };
		A88FCE492A1015F100881D79 /* SelectTagView.swift */ = {isa = PBXFileReference; lastKnownFileType = sourcecode.swift; path = SelectTagView.swift; sourceTree = "<group>"; };
		A88FCE4B2A10287B00881D79 /* FlagView.swift */ = {isa = PBXFileReference; lastKnownFileType = sourcecode.swift; path = FlagView.swift; sourceTree = "<group>"; };
		A88FCE4D2A102CF600881D79 /* SelectPriorityView.swift */ = {isa = PBXFileReference; lastKnownFileType = sourcecode.swift; path = SelectPriorityView.swift; sourceTree = "<group>"; };
		A88FCE4F2A1065EF00881D79 /* SelectListView.swift */ = {isa = PBXFileReference; lastKnownFileType = sourcecode.swift; path = SelectListView.swift; sourceTree = "<group>"; };
		A88FCE512A10970B00881D79 /* AddImageView.swift */ = {isa = PBXFileReference; lastKnownFileType = sourcecode.swift; path = AddImageView.swift; sourceTree = "<group>"; };
		A89A013B2A0C980B00D284D1 /* ListColorView.swift */ = {isa = PBXFileReference; lastKnownFileType = sourcecode.swift; path = ListColorView.swift; sourceTree = "<group>"; };
		A89A013D2A0D119900D284D1 /* ListTextFieldView.swift */ = {isa = PBXFileReference; lastKnownFileType = sourcecode.swift; path = ListTextFieldView.swift; sourceTree = "<group>"; };
		A89A01412A0D3B5800D284D1 /* ButtonSaveTemplateView.swift */ = {isa = PBXFileReference; lastKnownFileType = sourcecode.swift; path = ButtonSaveTemplateView.swift; sourceTree = "<group>"; };
		A89A01432A0D3E0C00D284D1 /* ReminderRowView.swift */ = {isa = PBXFileReference; lastKnownFileType = sourcecode.swift; path = ReminderRowView.swift; sourceTree = "<group>"; };
		A89E8D0B2A0EDCB8006CDCEF /* ReminderListRowView.swift */ = {isa = PBXFileReference; lastKnownFileType = sourcecode.swift; path = ReminderListRowView.swift; sourceTree = "<group>"; };
		A89E8D0D2A0EE228006CDCEF /* CreateListTitleView.swift */ = {isa = PBXFileReference; lastKnownFileType = sourcecode.swift; path = CreateListTitleView.swift; sourceTree = "<group>"; };
		A89E8D0F2A0EE244006CDCEF /* SelectListColorView.swift */ = {isa = PBXFileReference; lastKnownFileType = sourcecode.swift; path = SelectListColorView.swift; sourceTree = "<group>"; };
		A89E8D112A0EE46D006CDCEF /* ReminderSortMenuView.swift */ = {isa = PBXFileReference; lastKnownFileType = sourcecode.swift; path = ReminderSortMenuView.swift; sourceTree = "<group>"; };
		A8A8B84C2A27D6C80032A9C3 /* CoreDataManager+FetchRequests.swift */ = {isa = PBXFileReference; fileEncoding = 4; lastKnownFileType = sourcecode.swift; path = "CoreDataManager+FetchRequests.swift"; sourceTree = "<group>"; };
		A8A8B84D2A27D6C80032A9C3 /* CoreDataManager.swift */ = {isa = PBXFileReference; fileEncoding = 4; lastKnownFileType = sourcecode.swift; path = CoreDataManager.swift; sourceTree = "<group>"; };
		A8A8B84E2A27D6C80032A9C3 /* CoreDataManager+Preview.swift */ = {isa = PBXFileReference; fileEncoding = 4; lastKnownFileType = sourcecode.swift; path = "CoreDataManager+Preview.swift"; sourceTree = "<group>"; };
		A8A8B84F2A27D6C80032A9C3 /* CoreDataManager+Methods.swift */ = {isa = PBXFileReference; fileEncoding = 4; lastKnownFileType = sourcecode.swift; path = "CoreDataManager+Methods.swift"; sourceTree = "<group>"; };
		A8A8B8552A27D76E0032A9C3 /* SaveTemplateViewModel.swift */ = {isa = PBXFileReference; fileEncoding = 4; lastKnownFileType = sourcecode.swift; path = SaveTemplateViewModel.swift; sourceTree = "<group>"; };
		A8A8B8562A27D76E0032A9C3 /* EditReminderViewModel.swift */ = {isa = PBXFileReference; fileEncoding = 4; lastKnownFileType = sourcecode.swift; path = EditReminderViewModel.swift; sourceTree = "<group>"; };
		A8A8B8572A27D76E0032A9C3 /* CreateReminderViewModel.swift */ = {isa = PBXFileReference; fileEncoding = 4; lastKnownFileType = sourcecode.swift; path = CreateReminderViewModel.swift; sourceTree = "<group>"; };
		A8A8B8582A27D76E0032A9C3 /* EditReminderListViewModel.swift */ = {isa = PBXFileReference; fileEncoding = 4; lastKnownFileType = sourcecode.swift; path = EditReminderListViewModel.swift; sourceTree = "<group>"; };
		A8A8B8592A27D76E0032A9C3 /* SelectTemplateViewModel.swift */ = {isa = PBXFileReference; fileEncoding = 4; lastKnownFileType = sourcecode.swift; path = SelectTemplateViewModel.swift; sourceTree = "<group>"; };
		A8A8B85A2A27D76E0032A9C3 /* CreateReminderListViewModel.swift */ = {isa = PBXFileReference; fileEncoding = 4; lastKnownFileType = sourcecode.swift; path = CreateReminderListViewModel.swift; sourceTree = "<group>"; };
		A8A8B85B2A27D76E0032A9C3 /* SummaryViewModel.swift */ = {isa = PBXFileReference; fileEncoding = 4; lastKnownFileType = sourcecode.swift; path = SummaryViewModel.swift; sourceTree = "<group>"; };
		A8A8B85C2A27D76E0032A9C3 /* DisplayReminderListViewModel.swift */ = {isa = PBXFileReference; fileEncoding = 4; lastKnownFileType = sourcecode.swift; path = DisplayReminderListViewModel.swift; sourceTree = "<group>"; };
		A8A8B85D2A27D76F0032A9C3 /* ReminderRowViewModel.swift */ = {isa = PBXFileReference; fileEncoding = 4; lastKnownFileType = sourcecode.swift; path = ReminderRowViewModel.swift; sourceTree = "<group>"; };
		A8A8B85E2A27D76F0032A9C3 /* DisplayReminderViewModel.swift */ = {isa = PBXFileReference; fileEncoding = 4; lastKnownFileType = sourcecode.swift; path = DisplayReminderViewModel.swift; sourceTree = "<group>"; };
		A8BBE9DF2A0D9E9C00069FB1 /* CreateReminderView.swift */ = {isa = PBXFileReference; lastKnownFileType = sourcecode.swift; path = CreateReminderView.swift; sourceTree = "<group>"; };
		A8BBE9E12A0E6F4A00069FB1 /* CreateReminderDetailsView.swift */ = {isa = PBXFileReference; lastKnownFileType = sourcecode.swift; path = CreateReminderDetailsView.swift; sourceTree = "<group>"; };
		A8D8AE3A2A12EB5200A58970 /* EditReminderListView.swift */ = {isa = PBXFileReference; lastKnownFileType = sourcecode.swift; path = EditReminderListView.swift; sourceTree = "<group>"; };
		A8D8AE3C2A132B9F00A58970 /* Picture+CoreDataClass.swift */ = {isa = PBXFileReference; lastKnownFileType = sourcecode.swift; path = "Picture+CoreDataClass.swift"; sourceTree = "<group>"; };
		A8D8AE3D2A132B9F00A58970 /* Picture+CoreDataProperties.swift */ = {isa = PBXFileReference; lastKnownFileType = sourcecode.swift; path = "Picture+CoreDataProperties.swift"; sourceTree = "<group>"; };
/* End PBXFileReference section */

/* Begin PBXFrameworksBuildPhase section */
		A855E4EA2A0A361000C90C24 /* Frameworks */ = {
			isa = PBXFrameworksBuildPhase;
			buildActionMask = 2147483647;
			files = (
			);
			runOnlyForDeploymentPostprocessing = 0;
		};
		A855E4FF2A0A361200C90C24 /* Frameworks */ = {
			isa = PBXFrameworksBuildPhase;
			buildActionMask = 2147483647;
			files = (
			);
			runOnlyForDeploymentPostprocessing = 0;
		};
		A855E5092A0A361200C90C24 /* Frameworks */ = {
			isa = PBXFrameworksBuildPhase;
			buildActionMask = 2147483647;
			files = (
			);
			runOnlyForDeploymentPostprocessing = 0;
		};
/* End PBXFrameworksBuildPhase section */

/* Begin PBXGroup section */
		A84FDEBA2A2E021F00BD9BAD /* Helpers */ = {
			isa = PBXGroup;
			children = (
				A84FDEBB2A2E023A00BD9BAD /* RandomColor.swift */,
				A84FDEBD2A2E028500BD9BAD /* RandomDate.swift */,
			);
			path = Helpers;
			sourceTree = "<group>";
		};
		A855E4E42A0A361000C90C24 = {
			isa = PBXGroup;
			children = (
				A855E4EF2A0A361000C90C24 /* Reminders */,
				A855E5052A0A361200C90C24 /* RemindersTests */,
				A855E50F2A0A361200C90C24 /* RemindersUITests */,
				A855E4EE2A0A361000C90C24 /* Products */,
			);
			sourceTree = "<group>";
		};
		A855E4EE2A0A361000C90C24 /* Products */ = {
			isa = PBXGroup;
			children = (
				A855E4ED2A0A361000C90C24 /* Reminders.app */,
				A855E5022A0A361200C90C24 /* RemindersTests.xctest */,
				A855E50C2A0A361200C90C24 /* RemindersUITests.xctest */,
			);
			name = Products;
			sourceTree = "<group>";
		};
		A855E4EF2A0A361000C90C24 /* Reminders */ = {
			isa = PBXGroup;
			children = (
				A80FB0FB2A2920F500370227 /* Info.plist */,
				A855E4F02A0A361000C90C24 /* RemindersApp.swift */,
				A80FB0F72A29158A00370227 /* AppDelegate.swift */,
				A80FB0F92A2915B000370227 /* Action.swift */,
				A855E4F92A0A361200C90C24 /* Persistence.swift */,
				A855E4FB2A0A361200C90C24 /* Reminders.xcdatamodeld */,
				A887A4EA2A1BB0D500C4BACB /* CoreDataManager */,
				A855E51F2A0A370000C90C24 /* Model */,
				A8A8B8542A27D74F0032A9C3 /* ViewModel */,
				A8698B2B2A0AE1C500259E3C /* Views */,
				A855E4F42A0A361200C90C24 /* Assets.xcassets */,
				A855E4F62A0A361200C90C24 /* Preview Content */,
			);
			path = Reminders;
			sourceTree = "<group>";
		};
		A855E4F62A0A361200C90C24 /* Preview Content */ = {
			isa = PBXGroup;
			children = (
				A855E4F72A0A361200C90C24 /* Preview Assets.xcassets */,
			);
			path = "Preview Content";
			sourceTree = "<group>";
		};
		A855E5052A0A361200C90C24 /* RemindersTests */ = {
			isa = PBXGroup;
			children = (
				A84FDEBA2A2E021F00BD9BAD /* Helpers */,
				A80FB0FC2A2BE93600370227 /* TestCoreDataManager.swift */,
				A80FB0FE2A2D30E100370227 /* TestCoreDataManager+Methods.swift */,
				A80FB1002A2D409500370227 /* TestCoreDataManager+FetchRequests.swift */,
			);
			path = RemindersTests;
			sourceTree = "<group>";
		};
		A855E50F2A0A361200C90C24 /* RemindersUITests */ = {
			isa = PBXGroup;
			children = (
				A855E5102A0A361200C90C24 /* RemindersUITests.swift */,
				A855E5122A0A361200C90C24 /* RemindersUITestsLaunchTests.swift */,
			);
			path = RemindersUITests;
			sourceTree = "<group>";
		};
		A855E51F2A0A370000C90C24 /* Model */ = {
			isa = PBXGroup;
			children = (
				A855E5222A0A88B700C90C24 /* ReminderList+CoreDataClass.swift */,
				A855E5242A0A88D400C90C24 /* ReminderList+CoreDataProperties.swift */,
				A855E5262A0A893900C90C24 /* Reminder+CoreDataClass.swift */,
				A855E5282A0A894C00C90C24 /* Reminder+CoreDataProperties.swift */,
				A855E52A2A0A8A0700C90C24 /* ReminderPriority.swift */,
				A855E52C2A0A8D1500C90C24 /* Subtask+CoreDataClass.swift */,
				A855E52E2A0A8D2A00C90C24 /* Subtask+CoreDataProperties.swift */,
				A855E5302A0A8E2500C90C24 /* Tag+CoreDataClass.swift */,
				A855E5322A0A8E3400C90C24 /* Tag+CoreDataProperties.swift */,
				A8D8AE3C2A132B9F00A58970 /* Picture+CoreDataClass.swift */,
				A8D8AE3D2A132B9F00A58970 /* Picture+CoreDataProperties.swift */,
			);
			path = Model;
			sourceTree = "<group>";
		};
		A8698B2B2A0AE1C500259E3C /* Views */ = {
			isa = PBXGroup;
			children = (
				A8698B672A0C5ED000259E3C /* HomeScreenView.swift */,
				A824EF282A19144A0047A3E5 /* SearchView.swift */,
				A8331BA22A2FB12500508B9A /* DetailsView.swift */,
				A8698B652A0B132D00259E3C /* RemindersView.swift */,
				A8698B6D2A0C7D5B00259E3C /* CreateReminderListView.swift */,
				A8BBE9DF2A0D9E9C00069FB1 /* CreateReminderView.swift */,
				A8BBE9E12A0E6F4A00069FB1 /* CreateReminderDetailsView.swift */,
				A8D8AE3A2A12EB5200A58970 /* EditReminderListView.swift */,
				A83F83782A1173F6006543E2 /* EditReminderView.swift */,
				A824EF262A186A020047A3E5 /* SaveTemplateView.swift */,
				A824EF2A2A1959890047A3E5 /* SelectTemplateView.swift */,
				A89A01452A0D3F0300D284D1 /* SubViews */,
			);
			path = Views;
			sourceTree = "<group>";
		};
		A887A4EA2A1BB0D500C4BACB /* CoreDataManager */ = {
			isa = PBXGroup;
			children = (
				A8A8B84D2A27D6C80032A9C3 /* CoreDataManager.swift */,
				A8A8B84C2A27D6C80032A9C3 /* CoreDataManager+FetchRequests.swift */,
				A8A8B84F2A27D6C80032A9C3 /* CoreDataManager+Methods.swift */,
				A8A8B84E2A27D6C80032A9C3 /* CoreDataManager+Preview.swift */,
			);
			path = CoreDataManager;
			sourceTree = "<group>";
		};
		A89A01452A0D3F0300D284D1 /* SubViews */ = {
			isa = PBXGroup;
			children = (
				A824EF0F2A141B040047A3E5 /* SummaryView.swift */,
				A824EF1B2A145F8C0047A3E5 /* CardView.swift */,
				A8698B632A0B0F3000259E3C /* ReminderListView.swift */,
				A89E8D0B2A0EDCB8006CDCEF /* ReminderListRowView.swift */,
				A89A01432A0D3E0C00D284D1 /* ReminderRowView.swift */,
				A824EF202A16F39D0047A3E5 /* SubtaskRowView.swift */,
				A89E8D112A0EE46D006CDCEF /* ReminderSortMenuView.swift */,
				A8698B6B2A0C63BF00259E3C /* ButtonAddReminderListView.swift */,
				A8698B692A0C63AB00259E3C /* ButtonAddReminderView.swift */,
				A89A01412A0D3B5800D284D1 /* ButtonSaveTemplateView.swift */,
				A89E8D0D2A0EE228006CDCEF /* CreateListTitleView.swift */,
				A89A013D2A0D119900D284D1 /* ListTextFieldView.swift */,
				A89E8D0F2A0EE244006CDCEF /* SelectListColorView.swift */,
				A89A013B2A0C980B00D284D1 /* ListColorView.swift */,
				A88FCE472A10061B00881D79 /* SelectDueDateAndHourView.swift */,
				A88FCE492A1015F100881D79 /* SelectTagView.swift */,
				A88FCE4B2A10287B00881D79 /* FlagView.swift */,
				A88FCE4D2A102CF600881D79 /* SelectPriorityView.swift */,
				A88FCE4F2A1065EF00881D79 /* SelectListView.swift */,
				A824EF222A1707120047A3E5 /* AddSubtaskView.swift */,
				A824EF242A17080B0047A3E5 /* EditSubtaskView.swift */,
				A824EF0D2A13AD330047A3E5 /* PhotoPickerView.swift */,
				A88FCE512A10970B00881D79 /* AddImageView.swift */,
				A824EF0B2A139CB10047A3E5 /* EditImageView.swift */,
				A887A4E42A1AB38F00C4BACB /* SharingView.swift */,
				A887A4E62A1AF3F300C4BACB /* RenderedToPdfView.swift */,
			);
			path = SubViews;
			sourceTree = "<group>";
		};
		A8A8B8542A27D74F0032A9C3 /* ViewModel */ = {
			isa = PBXGroup;
			children = (
				A8A8B85B2A27D76E0032A9C3 /* SummaryViewModel.swift */,
				A8A8B85A2A27D76E0032A9C3 /* CreateReminderListViewModel.swift */,
				A8A8B85C2A27D76E0032A9C3 /* DisplayReminderListViewModel.swift */,
				A8A8B8582A27D76E0032A9C3 /* EditReminderListViewModel.swift */,
				A8A8B8572A27D76E0032A9C3 /* CreateReminderViewModel.swift */,
				A8A8B85E2A27D76F0032A9C3 /* DisplayReminderViewModel.swift */,
				A8A8B8562A27D76E0032A9C3 /* EditReminderViewModel.swift */,
				A8A8B85D2A27D76F0032A9C3 /* ReminderRowViewModel.swift */,
				A8A8B8552A27D76E0032A9C3 /* SaveTemplateViewModel.swift */,
				A8A8B8592A27D76E0032A9C3 /* SelectTemplateViewModel.swift */,
			);
			path = ViewModel;
			sourceTree = "<group>";
		};
/* End PBXGroup section */

/* Begin PBXNativeTarget section */
		A855E4EC2A0A361000C90C24 /* Reminders */ = {
			isa = PBXNativeTarget;
			buildConfigurationList = A855E5162A0A361200C90C24 /* Build configuration list for PBXNativeTarget "Reminders" */;
			buildPhases = (
				A855E4E92A0A361000C90C24 /* Sources */,
				A855E4EA2A0A361000C90C24 /* Frameworks */,
				A855E4EB2A0A361000C90C24 /* Resources */,
				A824EF1D2A166B7D0047A3E5 /* SwiftLint */,
			);
			buildRules = (
			);
			dependencies = (
			);
			name = Reminders;
			productName = Reminders;
			productReference = A855E4ED2A0A361000C90C24 /* Reminders.app */;
			productType = "com.apple.product-type.application";
		};
		A855E5012A0A361200C90C24 /* RemindersTests */ = {
			isa = PBXNativeTarget;
			buildConfigurationList = A855E5192A0A361200C90C24 /* Build configuration list for PBXNativeTarget "RemindersTests" */;
			buildPhases = (
				A855E4FE2A0A361200C90C24 /* Sources */,
				A855E4FF2A0A361200C90C24 /* Frameworks */,
				A855E5002A0A361200C90C24 /* Resources */,
			);
			buildRules = (
			);
			dependencies = (
				A855E5042A0A361200C90C24 /* PBXTargetDependency */,
			);
			name = RemindersTests;
			productName = RemindersTests;
			productReference = A855E5022A0A361200C90C24 /* RemindersTests.xctest */;
			productType = "com.apple.product-type.bundle.unit-test";
		};
		A855E50B2A0A361200C90C24 /* RemindersUITests */ = {
			isa = PBXNativeTarget;
			buildConfigurationList = A855E51C2A0A361200C90C24 /* Build configuration list for PBXNativeTarget "RemindersUITests" */;
			buildPhases = (
				A855E5082A0A361200C90C24 /* Sources */,
				A855E5092A0A361200C90C24 /* Frameworks */,
				A855E50A2A0A361200C90C24 /* Resources */,
			);
			buildRules = (
			);
			dependencies = (
				A855E50E2A0A361200C90C24 /* PBXTargetDependency */,
			);
			name = RemindersUITests;
			productName = RemindersUITests;
			productReference = A855E50C2A0A361200C90C24 /* RemindersUITests.xctest */;
			productType = "com.apple.product-type.bundle.ui-testing";
		};
/* End PBXNativeTarget section */

/* Begin PBXProject section */
		A855E4E52A0A361000C90C24 /* Project object */ = {
			isa = PBXProject;
			attributes = {
				BuildIndependentTargetsInParallel = 1;
				LastSwiftUpdateCheck = 1420;
				LastUpgradeCheck = 1420;
				TargetAttributes = {
					A855E4EC2A0A361000C90C24 = {
						CreatedOnToolsVersion = 14.2;
					};
					A855E5012A0A361200C90C24 = {
						CreatedOnToolsVersion = 14.2;
						TestTargetID = A855E4EC2A0A361000C90C24;
					};
					A855E50B2A0A361200C90C24 = {
						CreatedOnToolsVersion = 14.2;
						TestTargetID = A855E4EC2A0A361000C90C24;
					};
				};
			};
			buildConfigurationList = A855E4E82A0A361000C90C24 /* Build configuration list for PBXProject "Reminders" */;
			compatibilityVersion = "Xcode 14.0";
			developmentRegion = en;
			hasScannedForEncodings = 0;
			knownRegions = (
				en,
				Base,
			);
			mainGroup = A855E4E42A0A361000C90C24;
			productRefGroup = A855E4EE2A0A361000C90C24 /* Products */;
			projectDirPath = "";
			projectRoot = "";
			targets = (
				A855E4EC2A0A361000C90C24 /* Reminders */,
				A855E5012A0A361200C90C24 /* RemindersTests */,
				A855E50B2A0A361200C90C24 /* RemindersUITests */,
			);
		};
/* End PBXProject section */

/* Begin PBXResourcesBuildPhase section */
		A855E4EB2A0A361000C90C24 /* Resources */ = {
			isa = PBXResourcesBuildPhase;
			buildActionMask = 2147483647;
			files = (
				A855E4F82A0A361200C90C24 /* Preview Assets.xcassets in Resources */,
				A855E4F52A0A361200C90C24 /* Assets.xcassets in Resources */,
			);
			runOnlyForDeploymentPostprocessing = 0;
		};
		A855E5002A0A361200C90C24 /* Resources */ = {
			isa = PBXResourcesBuildPhase;
			buildActionMask = 2147483647;
			files = (
			);
			runOnlyForDeploymentPostprocessing = 0;
		};
		A855E50A2A0A361200C90C24 /* Resources */ = {
			isa = PBXResourcesBuildPhase;
			buildActionMask = 2147483647;
			files = (
			);
			runOnlyForDeploymentPostprocessing = 0;
		};
/* End PBXResourcesBuildPhase section */

/* Begin PBXShellScriptBuildPhase section */
		A824EF1D2A166B7D0047A3E5 /* SwiftLint */ = {
			isa = PBXShellScriptBuildPhase;
			alwaysOutOfDate = 1;
			buildActionMask = 2147483647;
			files = (
			);
			inputFileListPaths = (
			);
			inputPaths = (
			);
			name = SwiftLint;
			outputFileListPaths = (
			);
			outputPaths = (
			);
			runOnlyForDeploymentPostprocessing = 0;
			shellPath = /bin/sh;
			shellScript = "export PATH=\"$PATH:/opt/homebrew/bin\"\nif which swiftlint > /dev/null; then\n  swiftlint\nelse\n  echo \"warning: SwiftLint not installed, download from https://github.com/realm/SwiftLint\"\nfi\n";
			showEnvVarsInLog = 0;
		};
/* End PBXShellScriptBuildPhase section */

/* Begin PBXSourcesBuildPhase section */
		A855E4E92A0A361000C90C24 /* Sources */ = {
			isa = PBXSourcesBuildPhase;
			buildActionMask = 2147483647;
			files = (
				A855E5332A0A8E3400C90C24 /* Tag+CoreDataProperties.swift in Sources */,
				A8A8B8632A27D76F0032A9C3 /* SelectTemplateViewModel.swift in Sources */,
				A8A8B8602A27D76F0032A9C3 /* EditReminderViewModel.swift in Sources */,
				A89A01442A0D3E0C00D284D1 /* ReminderRowView.swift in Sources */,
				A89E8D102A0EE244006CDCEF /* SelectListColorView.swift in Sources */,
				A824EF0E2A13AD330047A3E5 /* PhotoPickerView.swift in Sources */,
				A855E5232A0A88B700C90C24 /* ReminderList+CoreDataClass.swift in Sources */,
				A8698B662A0B132D00259E3C /* RemindersView.swift in Sources */,
				A824EF2B2A1959890047A3E5 /* SelectTemplateView.swift in Sources */,
				A824EF292A19144A0047A3E5 /* SearchView.swift in Sources */,
				A8698B642A0B0F3000259E3C /* ReminderListView.swift in Sources */,
				A887A4E72A1AF3F300C4BACB /* RenderedToPdfView.swift in Sources */,
				A89A013C2A0C980B00D284D1 /* ListColorView.swift in Sources */,
				A8A8B8612A27D76F0032A9C3 /* CreateReminderViewModel.swift in Sources */,
				A89E8D122A0EE46D006CDCEF /* ReminderSortMenuView.swift in Sources */,
				A855E4FA2A0A361200C90C24 /* Persistence.swift in Sources */,
				A80FB0F82A29158A00370227 /* AppDelegate.swift in Sources */,
				A88FCE4C2A10287B00881D79 /* FlagView.swift in Sources */,
				A80FB0FA2A2915B000370227 /* Action.swift in Sources */,
				A824EF232A1707120047A3E5 /* AddSubtaskView.swift in Sources */,
				A8698B682A0C5ED000259E3C /* HomeScreenView.swift in Sources */,
				A855E4F12A0A361000C90C24 /* RemindersApp.swift in Sources */,
				A8A8B8652A27D76F0032A9C3 /* SummaryViewModel.swift in Sources */,
				A824EF1C2A145F8C0047A3E5 /* CardView.swift in Sources */,
				A855E5272A0A893900C90C24 /* Reminder+CoreDataClass.swift in Sources */,
				A8BBE9E02A0D9E9C00069FB1 /* CreateReminderView.swift in Sources */,
				A8698B6E2A0C7D5B00259E3C /* CreateReminderListView.swift in Sources */,
				A8331BA32A2FB12500508B9A /* DetailsView.swift in Sources */,
				A887A4E52A1AB38F00C4BACB /* SharingView.swift in Sources */,
				A8A8B85F2A27D76F0032A9C3 /* SaveTemplateViewModel.swift in Sources */,
				A8D8AE3F2A132B9F00A58970 /* Picture+CoreDataProperties.swift in Sources */,
				A89A01422A0D3B5800D284D1 /* ButtonSaveTemplateView.swift in Sources */,
				A8A8B8622A27D76F0032A9C3 /* EditReminderListViewModel.swift in Sources */,
				A88FCE4E2A102CF600881D79 /* SelectPriorityView.swift in Sources */,
				A88FCE482A10061B00881D79 /* SelectDueDateAndHourView.swift in Sources */,
				A88FCE502A1065EF00881D79 /* SelectListView.swift in Sources */,
				A8A8B8662A27D76F0032A9C3 /* DisplayReminderListViewModel.swift in Sources */,
				A8BBE9E22A0E6F4A00069FB1 /* CreateReminderDetailsView.swift in Sources */,
				A824EF272A186A020047A3E5 /* SaveTemplateView.swift in Sources */,
				A89A013E2A0D119900D284D1 /* ListTextFieldView.swift in Sources */,
				A89E8D0E2A0EE228006CDCEF /* CreateListTitleView.swift in Sources */,
				A855E4FD2A0A361200C90C24 /* Reminders.xcdatamodeld in Sources */,
				A89E8D0C2A0EDCB8006CDCEF /* ReminderListRowView.swift in Sources */,
				A83F83792A1173F6006543E2 /* EditReminderView.swift in Sources */,
				A824EF0C2A139CB10047A3E5 /* EditImageView.swift in Sources */,
				A8A8B8682A27D76F0032A9C3 /* DisplayReminderViewModel.swift in Sources */,
				A855E5252A0A88D400C90C24 /* ReminderList+CoreDataProperties.swift in Sources */,
				A8A8B8532A27D6C80032A9C3 /* CoreDataManager+Methods.swift in Sources */,
				A8698B6A2A0C63AB00259E3C /* ButtonAddReminderView.swift in Sources */,
				A855E52F2A0A8D2A00C90C24 /* Subtask+CoreDataProperties.swift in Sources */,
				A824EF212A16F39D0047A3E5 /* SubtaskRowView.swift in Sources */,
				A8A8B8522A27D6C80032A9C3 /* CoreDataManager+Preview.swift in Sources */,
				A8D8AE3B2A12EB5200A58970 /* EditReminderListView.swift in Sources */,
				A855E5292A0A894C00C90C24 /* Reminder+CoreDataProperties.swift in Sources */,
				A8A8B8502A27D6C80032A9C3 /* CoreDataManager+FetchRequests.swift in Sources */,
				A824EF102A141B040047A3E5 /* SummaryView.swift in Sources */,
				A8698B6C2A0C63BF00259E3C /* ButtonAddReminderListView.swift in Sources */,
				A824EF252A17080B0047A3E5 /* EditSubtaskView.swift in Sources */,
				A855E52B2A0A8A0700C90C24 /* ReminderPriority.swift in Sources */,
				A8A8B8642A27D76F0032A9C3 /* CreateReminderListViewModel.swift in Sources */,
				A88FCE522A10970B00881D79 /* AddImageView.swift in Sources */,
				A88FCE4A2A1015F100881D79 /* SelectTagView.swift in Sources */,
				A8A8B8672A27D76F0032A9C3 /* ReminderRowViewModel.swift in Sources */,
				A8A8B8512A27D6C80032A9C3 /* CoreDataManager.swift in Sources */,
				A855E5312A0A8E2500C90C24 /* Tag+CoreDataClass.swift in Sources */,
				A855E52D2A0A8D1500C90C24 /* Subtask+CoreDataClass.swift in Sources */,
				A8D8AE3E2A132B9F00A58970 /* Picture+CoreDataClass.swift in Sources */,
			);
			runOnlyForDeploymentPostprocessing = 0;
		};
		A855E4FE2A0A361200C90C24 /* Sources */ = {
			isa = PBXSourcesBuildPhase;
			buildActionMask = 2147483647;
			files = (
				A84FDEBE2A2E028500BD9BAD /* RandomDate.swift in Sources */,
				A80FB0FF2A2D30E100370227 /* TestCoreDataManager+Methods.swift in Sources */,
				A84FDEBC2A2E023A00BD9BAD /* RandomColor.swift in Sources */,
				A80FB1012A2D409500370227 /* TestCoreDataManager+FetchRequests.swift in Sources */,
				A80FB0FD2A2BE93600370227 /* TestCoreDataManager.swift in Sources */,
			);
			runOnlyForDeploymentPostprocessing = 0;
		};
		A855E5082A0A361200C90C24 /* Sources */ = {
			isa = PBXSourcesBuildPhase;
			buildActionMask = 2147483647;
			files = (
				A855E5132A0A361200C90C24 /* RemindersUITestsLaunchTests.swift in Sources */,
				A855E5112A0A361200C90C24 /* RemindersUITests.swift in Sources */,
			);
			runOnlyForDeploymentPostprocessing = 0;
		};
/* End PBXSourcesBuildPhase section */

/* Begin PBXTargetDependency section */
		A855E5042A0A361200C90C24 /* PBXTargetDependency */ = {
			isa = PBXTargetDependency;
			target = A855E4EC2A0A361000C90C24 /* Reminders */;
			targetProxy = A855E5032A0A361200C90C24 /* PBXContainerItemProxy */;
		};
		A855E50E2A0A361200C90C24 /* PBXTargetDependency */ = {
			isa = PBXTargetDependency;
			target = A855E4EC2A0A361000C90C24 /* Reminders */;
			targetProxy = A855E50D2A0A361200C90C24 /* PBXContainerItemProxy */;
		};
/* End PBXTargetDependency section */

/* Begin XCBuildConfiguration section */
		A855E5142A0A361200C90C24 /* Debug */ = {
			isa = XCBuildConfiguration;
			buildSettings = {
				ALWAYS_SEARCH_USER_PATHS = NO;
				CLANG_ANALYZER_NONNULL = YES;
				CLANG_ANALYZER_NUMBER_OBJECT_CONVERSION = YES_AGGRESSIVE;
				CLANG_CXX_LANGUAGE_STANDARD = "gnu++20";
				CLANG_ENABLE_MODULES = YES;
				CLANG_ENABLE_OBJC_ARC = YES;
				CLANG_ENABLE_OBJC_WEAK = YES;
				CLANG_WARN_BLOCK_CAPTURE_AUTORELEASING = YES;
				CLANG_WARN_BOOL_CONVERSION = YES;
				CLANG_WARN_COMMA = YES;
				CLANG_WARN_CONSTANT_CONVERSION = YES;
				CLANG_WARN_DEPRECATED_OBJC_IMPLEMENTATIONS = YES;
				CLANG_WARN_DIRECT_OBJC_ISA_USAGE = YES_ERROR;
				CLANG_WARN_DOCUMENTATION_COMMENTS = YES;
				CLANG_WARN_EMPTY_BODY = YES;
				CLANG_WARN_ENUM_CONVERSION = YES;
				CLANG_WARN_INFINITE_RECURSION = YES;
				CLANG_WARN_INT_CONVERSION = YES;
				CLANG_WARN_NON_LITERAL_NULL_CONVERSION = YES;
				CLANG_WARN_OBJC_IMPLICIT_RETAIN_SELF = YES;
				CLANG_WARN_OBJC_LITERAL_CONVERSION = YES;
				CLANG_WARN_OBJC_ROOT_CLASS = YES_ERROR;
				CLANG_WARN_QUOTED_INCLUDE_IN_FRAMEWORK_HEADER = YES;
				CLANG_WARN_RANGE_LOOP_ANALYSIS = YES;
				CLANG_WARN_STRICT_PROTOTYPES = YES;
				CLANG_WARN_SUSPICIOUS_MOVE = YES;
				CLANG_WARN_UNGUARDED_AVAILABILITY = YES_AGGRESSIVE;
				CLANG_WARN_UNREACHABLE_CODE = YES;
				CLANG_WARN__DUPLICATE_METHOD_MATCH = YES;
				COPY_PHASE_STRIP = NO;
				DEBUG_INFORMATION_FORMAT = dwarf;
				ENABLE_STRICT_OBJC_MSGSEND = YES;
				ENABLE_TESTABILITY = YES;
				GCC_C_LANGUAGE_STANDARD = gnu11;
				GCC_DYNAMIC_NO_PIC = NO;
				GCC_NO_COMMON_BLOCKS = YES;
				GCC_OPTIMIZATION_LEVEL = 0;
				GCC_PREPROCESSOR_DEFINITIONS = (
					"DEBUG=1",
					"$(inherited)",
				);
				GCC_WARN_64_TO_32_BIT_CONVERSION = YES;
				GCC_WARN_ABOUT_RETURN_TYPE = YES_ERROR;
				GCC_WARN_UNDECLARED_SELECTOR = YES;
				GCC_WARN_UNINITIALIZED_AUTOS = YES_AGGRESSIVE;
				GCC_WARN_UNUSED_FUNCTION = YES;
				GCC_WARN_UNUSED_VARIABLE = YES;
				IPHONEOS_DEPLOYMENT_TARGET = 16.2;
				MTL_ENABLE_DEBUG_INFO = INCLUDE_SOURCE;
				MTL_FAST_MATH = YES;
				ONLY_ACTIVE_ARCH = YES;
				SDKROOT = iphoneos;
				SWIFT_ACTIVE_COMPILATION_CONDITIONS = DEBUG;
				SWIFT_OPTIMIZATION_LEVEL = "-Onone";
			};
			name = Debug;
		};
		A855E5152A0A361200C90C24 /* Release */ = {
			isa = XCBuildConfiguration;
			buildSettings = {
				ALWAYS_SEARCH_USER_PATHS = NO;
				CLANG_ANALYZER_NONNULL = YES;
				CLANG_ANALYZER_NUMBER_OBJECT_CONVERSION = YES_AGGRESSIVE;
				CLANG_CXX_LANGUAGE_STANDARD = "gnu++20";
				CLANG_ENABLE_MODULES = YES;
				CLANG_ENABLE_OBJC_ARC = YES;
				CLANG_ENABLE_OBJC_WEAK = YES;
				CLANG_WARN_BLOCK_CAPTURE_AUTORELEASING = YES;
				CLANG_WARN_BOOL_CONVERSION = YES;
				CLANG_WARN_COMMA = YES;
				CLANG_WARN_CONSTANT_CONVERSION = YES;
				CLANG_WARN_DEPRECATED_OBJC_IMPLEMENTATIONS = YES;
				CLANG_WARN_DIRECT_OBJC_ISA_USAGE = YES_ERROR;
				CLANG_WARN_DOCUMENTATION_COMMENTS = YES;
				CLANG_WARN_EMPTY_BODY = YES;
				CLANG_WARN_ENUM_CONVERSION = YES;
				CLANG_WARN_INFINITE_RECURSION = YES;
				CLANG_WARN_INT_CONVERSION = YES;
				CLANG_WARN_NON_LITERAL_NULL_CONVERSION = YES;
				CLANG_WARN_OBJC_IMPLICIT_RETAIN_SELF = YES;
				CLANG_WARN_OBJC_LITERAL_CONVERSION = YES;
				CLANG_WARN_OBJC_ROOT_CLASS = YES_ERROR;
				CLANG_WARN_QUOTED_INCLUDE_IN_FRAMEWORK_HEADER = YES;
				CLANG_WARN_RANGE_LOOP_ANALYSIS = YES;
				CLANG_WARN_STRICT_PROTOTYPES = YES;
				CLANG_WARN_SUSPICIOUS_MOVE = YES;
				CLANG_WARN_UNGUARDED_AVAILABILITY = YES_AGGRESSIVE;
				CLANG_WARN_UNREACHABLE_CODE = YES;
				CLANG_WARN__DUPLICATE_METHOD_MATCH = YES;
				COPY_PHASE_STRIP = NO;
				DEBUG_INFORMATION_FORMAT = "dwarf-with-dsym";
				ENABLE_NS_ASSERTIONS = NO;
				ENABLE_STRICT_OBJC_MSGSEND = YES;
				GCC_C_LANGUAGE_STANDARD = gnu11;
				GCC_NO_COMMON_BLOCKS = YES;
				GCC_WARN_64_TO_32_BIT_CONVERSION = YES;
				GCC_WARN_ABOUT_RETURN_TYPE = YES_ERROR;
				GCC_WARN_UNDECLARED_SELECTOR = YES;
				GCC_WARN_UNINITIALIZED_AUTOS = YES_AGGRESSIVE;
				GCC_WARN_UNUSED_FUNCTION = YES;
				GCC_WARN_UNUSED_VARIABLE = YES;
				IPHONEOS_DEPLOYMENT_TARGET = 16.2;
				MTL_ENABLE_DEBUG_INFO = NO;
				MTL_FAST_MATH = YES;
				SDKROOT = iphoneos;
				SWIFT_COMPILATION_MODE = wholemodule;
				SWIFT_OPTIMIZATION_LEVEL = "-O";
				VALIDATE_PRODUCT = YES;
			};
			name = Release;
		};
		A855E5172A0A361200C90C24 /* Debug */ = {
			isa = XCBuildConfiguration;
			buildSettings = {
				ASSETCATALOG_COMPILER_APPICON_NAME = AppIcon;
				ASSETCATALOG_COMPILER_GLOBAL_ACCENT_COLOR_NAME = AccentColor;
				CODE_SIGN_STYLE = Automatic;
				CURRENT_PROJECT_VERSION = 1;
				DEVELOPMENT_ASSET_PATHS = "\"Reminders/Preview Content\"";
				DEVELOPMENT_TEAM = Q34TQR7SAN;
				ENABLE_PREVIEWS = YES;
				GENERATE_INFOPLIST_FILE = YES;
				INFOPLIST_FILE = Reminders/Info.plist;
				INFOPLIST_KEY_UIApplicationSceneManifest_Generation = YES;
				INFOPLIST_KEY_UIApplicationSupportsIndirectInputEvents = YES;
				INFOPLIST_KEY_UILaunchScreen_Generation = YES;
				INFOPLIST_KEY_UISupportedInterfaceOrientations_iPad = "UIInterfaceOrientationPortrait UIInterfaceOrientationPortraitUpsideDown UIInterfaceOrientationLandscapeLeft UIInterfaceOrientationLandscapeRight";
				INFOPLIST_KEY_UISupportedInterfaceOrientations_iPhone = "UIInterfaceOrientationPortrait UIInterfaceOrientationLandscapeLeft UIInterfaceOrientationLandscapeRight";
				LD_RUNPATH_SEARCH_PATHS = (
					"$(inherited)",
					"@executable_path/Frameworks",
				);
				MARKETING_VERSION = 1.0;
				PRODUCT_BUNDLE_IDENTIFIER = com.Imen.Reminders;
				PRODUCT_NAME = "$(TARGET_NAME)";
				SWIFT_EMIT_LOC_STRINGS = YES;
				SWIFT_VERSION = 5.0;
				TARGETED_DEVICE_FAMILY = "1,2";
			};
			name = Debug;
		};
		A855E5182A0A361200C90C24 /* Release */ = {
			isa = XCBuildConfiguration;
			buildSettings = {
				ASSETCATALOG_COMPILER_APPICON_NAME = AppIcon;
				ASSETCATALOG_COMPILER_GLOBAL_ACCENT_COLOR_NAME = AccentColor;
				CODE_SIGN_STYLE = Automatic;
				CURRENT_PROJECT_VERSION = 1;
				DEVELOPMENT_ASSET_PATHS = "\"Reminders/Preview Content\"";
				DEVELOPMENT_TEAM = Q34TQR7SAN;
				ENABLE_PREVIEWS = YES;
				GENERATE_INFOPLIST_FILE = YES;
				INFOPLIST_FILE = Reminders/Info.plist;
				INFOPLIST_KEY_UIApplicationSceneManifest_Generation = YES;
				INFOPLIST_KEY_UIApplicationSupportsIndirectInputEvents = YES;
				INFOPLIST_KEY_UILaunchScreen_Generation = YES;
				INFOPLIST_KEY_UISupportedInterfaceOrientations_iPad = "UIInterfaceOrientationPortrait UIInterfaceOrientationPortraitUpsideDown UIInterfaceOrientationLandscapeLeft UIInterfaceOrientationLandscapeRight";
				INFOPLIST_KEY_UISupportedInterfaceOrientations_iPhone = "UIInterfaceOrientationPortrait UIInterfaceOrientationLandscapeLeft UIInterfaceOrientationLandscapeRight";
				LD_RUNPATH_SEARCH_PATHS = (
					"$(inherited)",
					"@executable_path/Frameworks",
				);
				MARKETING_VERSION = 1.0;
				PRODUCT_BUNDLE_IDENTIFIER = com.Imen.Reminders;
				PRODUCT_NAME = "$(TARGET_NAME)";
				SWIFT_EMIT_LOC_STRINGS = YES;
				SWIFT_VERSION = 5.0;
				TARGETED_DEVICE_FAMILY = "1,2";
			};
			name = Release;
		};
		A855E51A2A0A361200C90C24 /* Debug */ = {
			isa = XCBuildConfiguration;
			buildSettings = {
				ALWAYS_EMBED_SWIFT_STANDARD_LIBRARIES = YES;
				BUNDLE_LOADER = "$(TEST_HOST)";
				CODE_SIGN_STYLE = Automatic;
				CURRENT_PROJECT_VERSION = 1;
				GENERATE_INFOPLIST_FILE = YES;
				IPHONEOS_DEPLOYMENT_TARGET = 16.2;
				MARKETING_VERSION = 1.0;
				PRODUCT_BUNDLE_IDENTIFIER = com.Imen.RemindersTests;
				PRODUCT_NAME = "$(TARGET_NAME)";
				SWIFT_EMIT_LOC_STRINGS = NO;
				SWIFT_VERSION = 5.0;
				TARGETED_DEVICE_FAMILY = "1,2";
				TEST_HOST = "$(BUILT_PRODUCTS_DIR)/Reminders.app/$(BUNDLE_EXECUTABLE_FOLDER_PATH)/Reminders";
			};
			name = Debug;
		};
		A855E51B2A0A361200C90C24 /* Release */ = {
			isa = XCBuildConfiguration;
			buildSettings = {
				ALWAYS_EMBED_SWIFT_STANDARD_LIBRARIES = YES;
				BUNDLE_LOADER = "$(TEST_HOST)";
				CODE_SIGN_STYLE = Automatic;
				CURRENT_PROJECT_VERSION = 1;
				GENERATE_INFOPLIST_FILE = YES;
				IPHONEOS_DEPLOYMENT_TARGET = 16.2;
				MARKETING_VERSION = 1.0;
				PRODUCT_BUNDLE_IDENTIFIER = com.Imen.RemindersTests;
				PRODUCT_NAME = "$(TARGET_NAME)";
				SWIFT_EMIT_LOC_STRINGS = NO;
				SWIFT_VERSION = 5.0;
				TARGETED_DEVICE_FAMILY = "1,2";
				TEST_HOST = "$(BUILT_PRODUCTS_DIR)/Reminders.app/$(BUNDLE_EXECUTABLE_FOLDER_PATH)/Reminders";
			};
			name = Release;
		};
		A855E51D2A0A361200C90C24 /* Debug */ = {
			isa = XCBuildConfiguration;
			buildSettings = {
				ALWAYS_EMBED_SWIFT_STANDARD_LIBRARIES = YES;
				CODE_SIGN_STYLE = Automatic;
				CURRENT_PROJECT_VERSION = 1;
				GENERATE_INFOPLIST_FILE = YES;
				MARKETING_VERSION = 1.0;
				PRODUCT_BUNDLE_IDENTIFIER = com.Imen.RemindersUITests;
				PRODUCT_NAME = "$(TARGET_NAME)";
				SWIFT_EMIT_LOC_STRINGS = NO;
				SWIFT_VERSION = 5.0;
				TARGETED_DEVICE_FAMILY = "1,2";
				TEST_TARGET_NAME = Reminders;
			};
			name = Debug;
		};
		A855E51E2A0A361200C90C24 /* Release */ = {
			isa = XCBuildConfiguration;
			buildSettings = {
				ALWAYS_EMBED_SWIFT_STANDARD_LIBRARIES = YES;
				CODE_SIGN_STYLE = Automatic;
				CURRENT_PROJECT_VERSION = 1;
				GENERATE_INFOPLIST_FILE = YES;
				MARKETING_VERSION = 1.0;
				PRODUCT_BUNDLE_IDENTIFIER = com.Imen.RemindersUITests;
				PRODUCT_NAME = "$(TARGET_NAME)";
				SWIFT_EMIT_LOC_STRINGS = NO;
				SWIFT_VERSION = 5.0;
				TARGETED_DEVICE_FAMILY = "1,2";
				TEST_TARGET_NAME = Reminders;
			};
			name = Release;
		};
/* End XCBuildConfiguration section */

/* Begin XCConfigurationList section */
		A855E4E82A0A361000C90C24 /* Build configuration list for PBXProject "Reminders" */ = {
			isa = XCConfigurationList;
			buildConfigurations = (
				A855E5142A0A361200C90C24 /* Debug */,
				A855E5152A0A361200C90C24 /* Release */,
			);
			defaultConfigurationIsVisible = 0;
			defaultConfigurationName = Release;
		};
		A855E5162A0A361200C90C24 /* Build configuration list for PBXNativeTarget "Reminders" */ = {
			isa = XCConfigurationList;
			buildConfigurations = (
				A855E5172A0A361200C90C24 /* Debug */,
				A855E5182A0A361200C90C24 /* Release */,
			);
			defaultConfigurationIsVisible = 0;
			defaultConfigurationName = Release;
		};
		A855E5192A0A361200C90C24 /* Build configuration list for PBXNativeTarget "RemindersTests" */ = {
			isa = XCConfigurationList;
			buildConfigurations = (
				A855E51A2A0A361200C90C24 /* Debug */,
				A855E51B2A0A361200C90C24 /* Release */,
			);
			defaultConfigurationIsVisible = 0;
			defaultConfigurationName = Release;
		};
		A855E51C2A0A361200C90C24 /* Build configuration list for PBXNativeTarget "RemindersUITests" */ = {
			isa = XCConfigurationList;
			buildConfigurations = (
				A855E51D2A0A361200C90C24 /* Debug */,
				A855E51E2A0A361200C90C24 /* Release */,
			);
			defaultConfigurationIsVisible = 0;
			defaultConfigurationName = Release;
		};
/* End XCConfigurationList section */

/* Begin XCVersionGroup section */
		A855E4FB2A0A361200C90C24 /* Reminders.xcdatamodeld */ = {
			isa = XCVersionGroup;
			children = (
				A855E4FC2A0A361200C90C24 /* Reminders.xcdatamodel */,
			);
			currentVersion = A855E4FC2A0A361200C90C24 /* Reminders.xcdatamodel */;
			path = Reminders.xcdatamodeld;
			sourceTree = "<group>";
			versionGroupType = wrapper.xcdatamodel;
		};
/* End XCVersionGroup section */
	};
	rootObject = A855E4E52A0A361000C90C24 /* Project object */;
}
